
Microsoft Visual Studio Solution File, Format Version 12.00
Project("{FAE04EC0-301F-11D3-BF4B-00C04F79EFBC}") = "Application", "Application\Application.csproj", "{28B62301-DB10-4765-B8C8-7A61E1E7B7D3}"
EndProject
Project("{FAE04EC0-301F-11D3-BF4B-00C04F79EFBC}") = "Business Layer", "Business Layer\Business Layer.csproj", "{7BD360A9-C9F0-40B7-8E12-B51272EBF6C1}"
EndProject
Project("{FAE04EC0-301F-11D3-BF4B-00C04F79EFBC}") = "Data Access Layer", "Data Access Layer\Data Access Layer.csproj", "{4BF054F2-8D1C-485C-809A-A59F332A9F8F}"
EndProject
Global
	GlobalSection(SolutionConfigurationPlatforms) = preSolution
		Debug|Any CPU = Debug|Any CPU
		Release|Any CPU = Release|Any CPU
	EndGlobalSection
	GlobalSection(ProjectConfigurationPlatforms) = postSolution
		{28B62301-DB10-4765-B8C8-7A61E1E7B7D3}.Debug|Any CPU.ActiveCfg = Debug|Any CPU
		{28B62301-DB10-4765-B8C8-7A61E1E7B7D3}.Debug|Any CPU.Build.0 = Debug|Any CPU
		{28B62301-DB10-4765-B8C8-7A61E1E7B7D3}.Release|Any CPU.ActiveCfg = Release|Any CPU
		{28B62301-DB10-4765-B8C8-7A61E1E7B7D3}.Release|Any CPU.Build.0 = Release|Any CPU
		{7BD360A9-C9F0-40B7-8E12-B51272EBF6C1}.Debug|Any CPU.ActiveCfg = Debug|Any CPU
		{7BD360A9-C9F0-40B7-8E12-B51272EBF6C1}.Debug|Any CPU.Build.0 = Debug|Any CPU
		{7BD360A9-C9F0-40B7-8E12-B51272EBF6C1}.Release|Any CPU.ActiveCfg = Release|Any CPU
		{7BD360A9-C9F0-40B7-8E12-B51272EBF6C1}.Release|Any CPU.Build.0 = Release|Any CPU
		{4BF054F2-8D1C-485C-809A-A59F332A9F8F}.Debug|Any CPU.ActiveCfg = Debug|Any CPU
		{4BF054F2-8D1C-485C-809A-A59F332A9F8F}.Debug|Any CPU.Build.0 = Debug|Any CPU
		{4BF054F2-8D1C-485C-809A-A59F332A9F8F}.Release|Any CPU.ActiveCfg = Release|Any CPU
		{4BF054F2-8D1C-485C-809A-A59F332A9F8F}.Release|Any CPU.Build.0 = Release|Any CPU
	EndGlobalSection
EndGlobal
